{
  "nodes": {
    "crane": {
      "locked": {
        "lastModified": 1771121070,
        "narHash": "sha256-aIlv7FRXF9q70DNJPI237dEDAznSKaXmL5lfK/Id/bI=",
        "owner": "ipetkov",
        "repo": "crane",
        "rev": "a2812c19f1ed2e5ed5ce2ef7109798b575c180e1",
        "type": "github"
      },
      "original": {
        "owner": "ipetkov",
        "repo": "crane",
        "type": "github"
      }
    },
    "flake-utils": {
      "inputs": {
        "systems": "systems"
      },
      "locked": {
        "lastModified": 1731533236,
        "narHash": "sha256-l0KFg5HjrsfsO/JpG+r7fRrqm12kzFHyUHqHCVpMMbI=",
        "owner": "numtide",
        "repo": "flake-utils",
        "rev": "11707dc2f618dd54ca8739b309ec4fc024de578b",
        "type": "github"
      },
      "original": {
        "owner": "numtide",
        "repo": "flake-utils",
        "type": "github"
      }
    },
    "home-manager": {
      "inputs": {
        "nixpkgs": [
          "sysnix",
          "nixpkgs"
        ]
      },
      "locked": {
        "lastModified": 1774991950,
        "narHash": "sha256-kScKj3qJDIWuN9/6PMmgy5esrTUkYinrO5VvILik/zw=",
        "owner": "nix-community",
        "repo": "home-manager",
        "rev": "f2d3e04e278422c7379e067e323734f3e8c585a7",
        "type": "github"
      },
      "original": {
        "owner": "nix-community",
        "repo": "home-manager",
        "type": "github"
      }
    },
    "kbase": {
      "inputs": {
        "crane": "crane",
        "flake-utils": "flake-utils",
        "nixpkgs": [
          "sysnix",
          "nixpkgs"
        ]
      },
      "locked": {
        "lastModified": 1775134006,
        "narHash": "sha256-lKCAweKVHvgXmyJe1Iz8Lt2y7l8Zd78GPjGAjbyr6H0=",
        "owner": "mmesch",
        "repo": "kbase",
        "rev": "7591c9ced853d0bfbe123cf29f4d0f9139305ae4",
        "type": "github"
      },
      "original": {
        "owner": "mmesch",
        "repo": "kbase",
        "type": "github"
      }
    },
    "nixpkgs": {
      "locked": {
        "lastModified": 1775423009,
        "narHash": "sha256-vPKLpjhIVWdDrfiUM8atW6YkIggCEKdSAlJPzzhkQlw=",
        "owner": "nixos",
        "repo": "nixpkgs",
        "rev": "68d8aa3d661f0e6bd5862291b5bb263b2a6595c9",
        "type": "github"
      },
      "original": {
        "owner": "nixos",
        "ref": "nixos-unstable",
        "repo": "nixpkgs",
        "type": "github"
      }
    },
    "nixpkgs_2": {
      "locked": {
        "lastModified": 1744868846,
        "narHash": "sha256-5RJTdUHDmj12Qsv7XOhuospjAjATNiTMElplWnJE9Hs=",
        "owner": "NixOS",
        "repo": "nixpkgs",
        "rev": "ebe4301cbd8f81c4f8d3244b3632338bbeb6d49c",
        "type": "github"
      },
      "original": {
        "owner": "NixOS",
        "ref": "nixpkgs-unstable",
        "repo": "nixpkgs",
        "type": "github"
      }
    },
    "quickfixReview": {
      "flake": false,
      "locked": {
        "lastModified": 1770974396,
        "narHash": "sha256-wX4/pWadbqewjcSieywRrqS2kiCr5DZKAlip8t+NVVM=",
        "owner": "mmesch",
        "repo": "quickfix-review",
        "rev": "0110cc86147d07c4850948a2a81c764abe600753",
        "type": "github"
      },
      "original": {
        "owner": "mmesch",
        "repo": "quickfix-review",
        "type": "github"
      }
    },
    "root": {
      "inputs": {
        "nixpkgs": "nixpkgs",
        "sysnix": "sysnix"
      }
    },
    "sops-nix": {
      "inputs": {
        "nixpkgs": "nixpkgs_2"
      },
      "locked": {
        "lastModified": 1754328224,
        "narHash": "sha256-glPK8DF329/dXtosV7YSzRlF4n35WDjaVwdOMEoEXHA=",
        "owner": "Mic92",
        "repo": "sops-nix",
        "rev": "49021900e69812ba7ddb9e40f9170218a7eca9f4",
        "type": "github"
      },
      "original": {
        "owner": "Mic92",
        "repo": "sops-nix",
        "type": "github"
      }
    },
    "sysnix": {
      "inputs": {
        "home-manager": "home-manager",
        "kbase": "kbase",
        "nixpkgs": [
          "nixpkgs"
        ],
        "quickfixReview": "quickfixReview",
        "sops-nix": "sops-nix",
        "vimNuShellSyntax": "vimNuShellSyntax"
      },
      "locked": {
        "lastModified": 1775636107,
        "narHash": "sha256-9E+B9j2RpLSahPEihUFX+2HTipyYnOo+aqnYsLS40ms=",
        "ref": "master",
        "rev": "b221317dbb76849ebb4955348dca7d5bafed1fd7",
        "revCount": 82,
        "type": "git",
        "url": "file:/home/matto/.config/nixpkgs"
      },
      "original": {
        "ref": "master",
        "type": "git",
        "url": "file:/home/matto/.config/nixpkgs"
      }
    },
    "systems": {
      "locked": {
        "lastModified": 1681028828,
        "narHash": "sha256-Vy1rq5AaRuLzOxct8nz4T6wlgyUR7zLU309k9mBC768=",
        "owner": "nix-systems",
        "repo": "default",
        "rev": "da67096a3b9bf56a91d16901293e51ba5b49a27e",
        "type": "github"
      },
      "original": {
        "owner": "nix-systems",
        "repo": "default",
        "type": "github"
      }
    },
    "vimNuShellSyntax": {
      "flake": false,
      "locked": {
        "lastModified": 1715885202,
        "narHash": "sha256-8xQVLdbswW85Zi55PG0Q+2AGFOIiJJFoUn/2SqU1LEc=",
        "owner": "elkasztano",
        "repo": "nushell-syntax-vim",
        "rev": "bf44e8c769a9ee966908bd3f2e8437dce28f6c8e",
        "type": "github"
      },
      "original": {
        "owner": "elkasztano",
        "repo": "nushell-syntax-vim",
        "type": "github"
      }
    }
  },
  "root": "root",
  "version": 7
}
